{
  "nodes": {
    "codegraph": {
      "locked": {
        "lastModified": 1783836909,
        "narHash": "sha256-C+jKBM6slZ2YSak7HMrSsBw6n0gsF9FFIPFFlDwjY0c=",
        "owner": "nixos",
        "repo": "nixpkgs",
        "rev": "af1de45a31012737034d75fffe20267ddf8fb46e",
        "type": "github"
      },
      "original": {
        "owner": "nixos",
        "repo": "nixpkgs",
        "rev": "af1de45a31012737034d75fffe20267ddf8fb46e",
        "type": "github"
      }
    },
    "devenv": {
      "locked": {
        "dir": "src/modules",
        "lastModified": 1784142617,
        "narHash": "sha256-mN/bY/kthTv86mIVH4trz6NJAfRglO2x4wImvTGkFZ8=",
        "owner": "cachix",
        "repo": "devenv",
        "rev": "4ed83c00354d5a6b4cece8aa8c55028b4e4421e4",
        "type": "github"
      },
      "original": {
        "dir": "src/modules",
        "owner": "cachix",
        "repo": "devenv",
        "type": "github"
      }
    },
    "localserver-devenv": {
      "locked": {
        "path": "../localserver-devenv",
        "type": "path"
      },
      "original": {
        "path": "../localserver-devenv",
        "type": "path"
      },
      "parent": []
    },
    "nixpkgs": {
      "inputs": {
        "nixpkgs-src": "nixpkgs-src"
      },
      "locked": {
        "lastModified": 1783345554,
        "narHash": "sha256-LZhOm4kqjHUnwP4CNHpaqqEVcumGNd1PvOEOad8LkS0=",
        "owner": "cachix",
        "repo": "devenv-nixpkgs",
        "rev": "6004ea8c229fe9d41b21c6f4c76bf6c2e10771dd",
        "type": "github"
      },
      "original": {
        "owner": "cachix",
        "ref": "rolling",
        "repo": "devenv-nixpkgs",
        "type": "github"
      }
    },
    "nixpkgs-src": {
      "flake": false,
      "locked": {
        "lastModified": 1783279667,
        "narHash": "sha256-/NAkDSsve+GNM0Bt6tleJdCGfsTlK89nPjkVOzZMo0s=",
        "owner": "NixOS",
        "repo": "nixpkgs",
        "rev": "f205b5574fd0cb7da5b702a2da51507b7f4fdd1b",
        "type": "github"
      },
      "original": {
        "owner": "NixOS",
        "ref": "nixpkgs-unstable",
        "repo": "nixpkgs",
        "type": "github"
      }
    },
    "nixpkgs-unstable": {
      "locked": {
        "lastModified": 1784007870,
        "narHash": "sha256-djcLt/JJphyNt4eDY9XTly+/WbCK5lqWq9lSgCmJkkQ=",
        "owner": "nixos",
        "repo": "nixpkgs",
        "rev": "18b9261cb3294b6d2a06d03f96872827b8fe2698",
        "type": "github"
      },
      "original": {
        "owner": "nixos",
        "ref": "nixos-unstable",
        "repo": "nixpkgs",
        "type": "github"
      }
    },
    "opencode": {
      "locked": {
        "lastModified": 1784027318,
        "narHash": "sha256-TZUZ++5uOspPh3Wf6Q7Dn/1FPzh5VCXL0wELYSGFpLA=",
        "owner": "nixos",
        "repo": "nixpkgs",
        "rev": "a881b86c471b743c33f6c4287da501c07135580b",
        "type": "github"
      },
      "original": {
        "owner": "nixos",
        "repo": "nixpkgs",
        "rev": "a881b86c471b743c33f6c4287da501c07135580b",
        "type": "github"
      }
    },
    "root": {
      "inputs": {
        "codegraph": "codegraph",
        "devenv": "devenv",
        "localserver-devenv": "localserver-devenv",
        "nixpkgs": "nixpkgs",
        "nixpkgs-unstable": "nixpkgs-unstable",
        "opencode": "opencode"
      }
    }
  },
  "root": "root",
  "version": 7
}